
Microsoft Visual Studio Solution File, Format Version 12.00
# Visual Studio 15
VisualStudioVersion = 15.0.28307.757
MinimumVisualStudioVersion = 10.0.40219.1
Project("{FAE04EC0-301F-11D3-BF4B-00C04F79EFBC}") = "AxeCoreTest", "AxeCoreTest\AxeCoreTest.csproj", "{6002794F-9B4C-4CD0-873E-D61B35554A31}"
EndProject
Project("{FAE04EC0-301F-11D3-BF4B-00C04F79EFBC}") = "AxeCoreTest.Tests", "AxeCoreTest.Tests\AxeCoreTest.Tests.csproj", "{9A39CBA9-C264-4A64-89D9-E6FD340C1649}"
EndProject
Global
	GlobalSection(SolutionConfigurationPlatforms) = preSolution
		Debug|Any CPU = Debug|Any CPU
		Release|Any CPU = Release|Any CPU
	EndGlobalSection
	GlobalSection(ProjectConfigurationPlatforms) = postSolution
		{6002794F-9B4C-4CD0-873E-D61B35554A31}.Debug|Any CPU.ActiveCfg = Debug|Any CPU
		{6002794F-9B4C-4CD0-873E-D61B35554A31}.Debug|Any CPU.Build.0 = Debug|Any CPU
		{6002794F-9B4C-4CD0-873E-D61B35554A31}.Release|Any CPU.ActiveCfg = Release|Any CPU
		{6002794F-9B4C-4CD0-873E-D61B35554A31}.Release|Any CPU.Build.0 = Release|Any CPU
		{9A39CBA9-C264-4A64-89D9-E6FD340C1649}.Debug|Any CPU.ActiveCfg = Debug|Any CPU
		{9A39CBA9-C264-4A64-89D9-E6FD340C1649}.Debug|Any CPU.Build.0 = Debug|Any CPU
		{9A39CBA9-C264-4A64-89D9-E6FD340C1649}.Release|Any CPU.ActiveCfg = Release|Any CPU
		{9A39CBA9-C264-4A64-89D9-E6FD340C1649}.Release|Any CPU.Build.0 = Release|Any CPU
	EndGlobalSection
	GlobalSection(SolutionProperties) = preSolution
		HideSolutionNode = FALSE
	EndGlobalSection
	GlobalSection(ExtensibilityGlobals) = postSolution
		SolutionGuid = {6D45CD26-DED5-41F0-A51C-D47EEBE676E0}
	EndGlobalSection
EndGlobal
